
Microsoft Visual Studio Solution File, Format Version 12.00
# Visual Studio 14
VisualStudioVersion = 14.0.25420.1
MinimumVisualStudioVersion = 10.0.40219.1
Project("{FAE04EC0-301F-11D3-BF4B-00C04F79EFBC}") = "ConFrames", "ConFrames\ConFrames.csproj", "{64905DDF-9D01-4A63-BD60-A2586008CEE2}"
EndProject
Project("{FAE04EC0-301F-11D3-BF4B-00C04F79EFBC}") = "Sample", "Sample\Sample.csproj", "{885C73BB-668F-4CA1-8015-E8393B25C562}"
EndProject
Global
	GlobalSection(SolutionConfigurationPlatforms) = preSolution
		Debug|Any CPU = Debug|Any CPU
		Release|Any CPU = Release|Any CPU
	EndGlobalSection
	GlobalSection(ProjectConfigurationPlatforms) = postSolution
		{64905DDF-9D01-4A63-BD60-A2586008CEE2}.Debug|Any CPU.ActiveCfg = Debug|Any CPU
		{64905DDF-9D01-4A63-BD60-A2586008CEE2}.Debug|Any CPU.Build.0 = Debug|Any CPU
		{64905DDF-9D01-4A63-BD60-A2586008CEE2}.Release|Any CPU.ActiveCfg = Release|Any CPU
		{64905DDF-9D01-4A63-BD60-A2586008CEE2}.Release|Any CPU.Build.0 = Release|Any CPU
		{885C73BB-668F-4CA1-8015-E8393B25C562}.Debug|Any CPU.ActiveCfg = Debug|Any CPU
		{885C73BB-668F-4CA1-8015-E8393B25C562}.Debug|Any CPU.Build.0 = Debug|Any CPU
		{885C73BB-668F-4CA1-8015-E8393B25C562}.Release|Any CPU.ActiveCfg = Release|Any CPU
		{885C73BB-668F-4CA1-8015-E8393B25C562}.Release|Any CPU.Build.0 = Release|Any CPU
	EndGlobalSection
	GlobalSection(SolutionProperties) = preSolution
		HideSolutionNode = FALSE
	EndGlobalSection
EndGlobal
