<?xml version="1.0" encoding="utf-8"?>
<Project ToolsVersion="4.0" xmlns="http://schemas.microsoft.com/developer/msbuild/2003">
  <ItemGroup>
    <Filter Include="Source Files">
      <UniqueIdentifier>{0be0a6f8-c034-4ab2-a96e-5439c49f6a12}</UniqueIdentifier>
    </Filter>
    <Filter Include="Generated Files">
      <UniqueIdentifier>{021b4a25-8e5b-4ea4-8b5c-21a5fc9aec10}</UniqueIdentifier>
      <SourceControlFiles>False</SourceControlFiles>
    </Filter>
  </ItemGroup>
  <ItemGroup>
    <None Include="Win3muShellps.def" />
  </ItemGroup>
  <ItemGroup>
    <ClCompile Include="Win3muShell_i.c">
      <Filter>Generated Files</Filter>
    </ClCompile>
    <ClCompile Include="Win3muShell_p.c">
      <Filter>Generated Files</Filter>
    </ClCompile>
    <ClCompile Include="dlldata.c">
      <Filter>Generated Files</Filter>
    </ClCompile>
  </ItemGroup>
</Project>